
Microsoft Visual Studio Solution File, Format Version 12.00
# Visual Studio Version 17
VisualStudioVersion = 17.6.33815.320
MinimumVisualStudioVersion = 10.0.40219.1
Project("{FAE04EC0-301F-11D3-BF4B-00C04F79EFBC}") = "A6k_CompVariant", "A6k_CompVariant.csproj", "{1EDA7C11-D627-4D98-B6C3-5BA580804AF0}"
EndProject
Global
	GlobalSection(SolutionConfigurationPlatforms) = preSolution
		Debug|Any CPU = Debug|Any CPU
		Release|Any CPU = Release|Any CPU
	EndGlobalSection
	GlobalSection(ProjectConfigurationPlatforms) = postSolution
		{1EDA7C11-D627-4D98-B6C3-5BA580804AF0}.Debug|Any CPU.ActiveCfg = Debug|x64
		{1EDA7C11-D627-4D98-B6C3-5BA580804AF0}.Debug|Any CPU.Build.0 = Debug|x64
		{1EDA7C11-D627-4D98-B6C3-5BA580804AF0}.Release|Any CPU.ActiveCfg = Release|Any CPU
		{1EDA7C11-D627-4D98-B6C3-5BA580804AF0}.Release|Any CPU.Build.0 = Release|Any CPU
	EndGlobalSection
	GlobalSection(SolutionProperties) = preSolution
		HideSolutionNode = FALSE
	EndGlobalSection
	GlobalSection(ExtensibilityGlobals) = postSolution
		SolutionGuid = {7CCCD16E-323F-4C24-9C2A-CDD76A685C5B}
	EndGlobalSection
EndGlobal
